# THIS IS AN AUTOGENERATED FILE. DO NOT EDIT THIS FILE DIRECTLY.
# yarn lockfile v1


"@alloc/quick-lru@^5.2.0":
  version "5.2.0"
  resolved "https://registry.npmmirror.com/@alloc/quick-lru/-/quick-lru-5.2.0.tgz"
  integrity sha512-UrcABB+4bUrFABwbluTIBErXwvbsU/V7TZWfmbgJfbkwiBuziS9gxdODUyuiecfdGQ85jglMW6juS3+z5TsKLw==

"@emnapi/core@^1.7.1":
  version "1.11.1"
  resolved "https://registry.npmmirror.com/@emnapi/core/-/core-1.11.1.tgz"
  integrity sha512-RSvbQmHzdKzNsLYa/wHrbc3KN4sYLKAdPZxqiM2HATqv/SBk2/ENSHpvXGaLOMcsAyz0poEGqkmmKYG3OWiJEQ==
  dependencies:
    "@emnapi/wasi-threads" "1.2.2"
    tslib "^2.4.0"

"@emnapi/runtime@^1.7.1":
  version "1.11.1"
  resolved "https://registry.npmmirror.com/@emnapi/runtime/-/runtime-1.11.1.tgz"
  integrity sha512-vgj7R3y3Wgx24IQaGPA/R6YFXLHVMOZ0uVEyIQPaWs+rd1AzfEMXlAC22FYwO1XkKR6NPsq7mUandH8oIRdZFw==
  dependencies:
    tslib "^2.4.0"

"@emnapi/wasi-threads@1.2.2":
  version "1.2.2"
  resolved "https://registry.npmmirror.com/@emnapi/wasi-threads/-/wasi-threads-1.2.2.tgz"
  integrity sha512-c95qOXkHdydNKhscBTebqEC1CVAZpyqOfVfBzQ1qgzyl3gfeldUjIggDbIZgDKsHLgnsM+igH7TJ/eAasaVuMA==
  dependencies:
    tslib "^2.4.0"

"@floating-ui/core@^1.7.5":
  version "1.7.5"
  resolved "https://registry.npmmirror.com/@floating-ui/core/-/core-1.7.5.tgz"
  integrity sha512-1Ih4WTWyw0+lKyFMcBHGbb5U5FtuHJuujoyyr5zTaWS5EYMeT6Jb2AuDeftsCsEuchO+mM2ij5+q9crhydzLhQ==
  dependencies:
    "@floating-ui/utils" "^0.2.11"

"@floating-ui/dom@^1.7.6":
  version "1.7.6"
  resolved "https://registry.npmmirror.com/@floating-ui/dom/-/dom-1.7.6.tgz"
  integrity sha512-9gZSAI5XM36880PPMm//9dfiEngYoC6Am2izES1FF406YFsjvyBMmeJ2g4SAju3xWwtuynNRFL2s9hgxpLI5SQ==
  dependencies:
    "@floating-ui/core" "^1.7.5"
    "@floating-ui/utils" "^0.2.11"

"@floating-ui/react-dom@^2.0.0":
  version "2.1.8"
  resolved "https://registry.npmmirror.com/@floating-ui/react-dom/-/react-dom-2.1.8.tgz"
  integrity sha512-cC52bHwM/n/CxS87FH0yWdngEZrjdtLW/qVruo68qg+prK7ZQ4YGdut2GyDVpoGeAYe/h899rVeOVm6Oi40k2A==
  dependencies:
    "@floating-ui/dom" "^1.7.6"

"@floating-ui/utils@^0.2.11":
  version "0.2.11"
  resolved "https://registry.npmmirror.com/@floating-ui/utils/-/utils-0.2.11.tgz"
  integrity sha512-RiB/yIh78pcIxl6lLMG0CgBXAZ2Y0eVHqMPYugu+9U0AeT6YBeiJpf7lbdJNIugFP5SIjwNRgo4DhR1Qxi26Gg==

"@fontsource-variable/geist@^5.2.9":
  version "5.2.9"
  resolved "https://registry.npmmirror.com/@fontsource-variable/geist/-/geist-5.2.9.tgz"
  integrity sha512-TP+QSBG3wxKGPE33CbMy/L0Nu3qvJ6Fy81Yc4LnQ95xH+i+cfEp8fyU8/kfV14YwszxIFPhnoMTbjL71waVpyQ==

"@fontsource-variable/jetbrains-mono@^5.2.8":
  version "5.2.8"
  resolved "https://registry.npmmirror.com/@fontsource-variable/jetbrains-mono/-/jetbrains-mono-5.2.8.tgz"
  integrity sha512-WBA9elru6Jdp5df2mES55wuOO0WIrn3kpXnI4+W2ek5u3ZgLS9XS4gmIlcQhiZOWEKl95meYdvK7xI+ETLCq/Q==

"@jridgewell/gen-mapping@^0.3.5":
  version "0.3.13"
  resolved "https://registry.npmmirror.com/@jridgewell/gen-mapping/-/gen-mapping-0.3.13.tgz"
  integrity sha512-2kkt/7niJ6MgEPxF0bYdQ6etZaA+fQvDcLKckhy1yIQOzaoKjBBjSj63/aLVjYE3qhRt5dvM+uUyfCg6UKCBbA==
  dependencies:
    "@jridgewell/sourcemap-codec" "^1.5.0"
    "@jridgewell/trace-mapping" "^0.3.24"

"@jridgewell/remapping@^2.3.5":
  version "2.3.5"
  resolved "https://registry.npmmirror.com/@jridgewell/remapping/-/remapping-2.3.5.tgz"
  integrity sha512-LI9u/+laYG4Ds1TDKSJW2YPrIlcVYOwi2fUC6xB43lueCjgxV4lffOCZCtYFiH6TNOX+tQKXx97T4IKHbhyHEQ==
  dependencies:
    "@jridgewell/gen-mapping" "^0.3.5"
    "@jridgewell/trace-mapping" "^0.3.24"

"@jridgewell/resolve-uri@^3.1.0":
  version "3.1.2"
  resolved "https://registry.npmmirror.com/@jridgewell/resolve-uri/-/resolve-uri-3.1.2.tgz"
  integrity sha512-bRISgCIjP20/tbWSPWMEi54QVPRZExkuD9lJL+UIxUKtwVJA8wW1Trb1jMs1RFXo1CBTNZ/5hpC9QvmKWdopKw==

"@jridgewell/sourcemap-codec@^1.4.14", "@jridgewell/sourcemap-codec@^1.5.0", "@jridgewell/sourcemap-codec@^1.5.5":
  version "1.5.5"
  resolved "https://registry.npmmirror.com/@jridgewell/sourcemap-codec/-/sourcemap-codec-1.5.5.tgz"
  integrity sha512-cYQ9310grqxueWbl+WuIUIaiUaDcj7WOq5fVhEljNVgRfOUhY9fy2zTvfoqWsnebh8Sl70VScFbICvJnLKB0Og==

"@jridgewell/trace-mapping@^0.3.24":
  version "0.3.31"
  resolved "https://registry.npmmirror.com/@jridgewell/trace-mapping/-/trace-mapping-0.3.31.tgz"
  integrity sha512-zzNR+SdQSDJzc8joaeP8QQoCQr8NuYx2dIIytl1QeBEZHJ9uW6hebsrYgbz8hJwUQao3TWCMtmfV8Nu1twOLAw==
  dependencies:
    "@jridgewell/resolve-uri" "^3.1.0"
    "@jridgewell/sourcemap-codec" "^1.4.14"

"@oxc-project/types@=0.137.0":
  version "0.137.0"
  resolved "https://registry.npmmirror.com/@oxc-project/types/-/types-0.137.0.tgz"
  integrity sha512-WT+Gb24i8hmvo85AIv2oEYouEXkRlKAlT9WaCa3TfLgNCN+GhrJOGZuIlMouAh38Qe4QOx26eUOVsq70qXrywA==

"@oxlint/binding-win32-x64-msvc@1.71.0":
  version "1.71.0"
  resolved "https://registry.npmmirror.com/@oxlint/binding-win32-x64-msvc/-/binding-win32-x64-msvc-1.71.0.tgz"
  integrity sha512-D2kyEIPHk/G/wiZLnwTVC/sVst+T/lKldVOjAFpgTIBUAOlry72e5OiapDbDBF4LfJLkN5ypJb/8Eu6yJzkveQ==

"@radix-ui/number@1.1.2":
  version "1.1.2"
  resolved "https://registry.npmmirror.com/@radix-ui/number/-/number-1.1.2.tgz"
  integrity sha512-ceTwaxc4I5IOi97DgCotl3pqiyRGvffcc0oOsE2dQYaJOFIDsDt4VWG6xEbg1QePv9QWausCEIppud/tJ1wNig==

"@radix-ui/primitive@1.1.4":
  version "1.1.4"
  resolved "https://registry.npmmirror.com/@radix-ui/primitive/-/primitive-1.1.4.tgz"
  integrity sha512-7AdCK9PQyiljKoBDbN8OuctCbd/esdwZPQ8RtOE3SsyQtUpiPb+ND75q0jEhC1m1ecBI0MFNeLJvwIh9iKHRcQ==

"@radix-ui/react-arrow@1.1.10":
  version "1.1.10"
  resolved "https://registry.npmmirror.com/@radix-ui/react-arrow/-/react-arrow-1.1.10.tgz"
  integrity sha512-j2VTDz1vgCsmuG0k5lBfOcM8n5JPFqZBcMryasFjHYMhwxYL5SRUV5lMSUpRdNtw3D/Sv8pzJtrlAgkssYSsQQ==
  dependencies:
    "@radix-ui/react-primitive" "2.1.6"

"@radix-ui/react-compose-refs@1.1.3":
  version "1.1.3"
  resolved "https://registry.npmmirror.com/@radix-ui/react-compose-refs/-/react-compose-refs-1.1.3.tgz"
  integrity sha512-rYOP8OMnuuPMQF1uhPVlGNcCDlkokKqGFE3JcxFViIkAXP7EvFWUliJAstrapypaBLJNHbZL6jGhbVDGTwmVhA==

"@radix-ui/react-context@1.1.4":
  version "1.1.4"
  resolved "https://registry.npmmirror.com/@radix-ui/react-context/-/react-context-1.1.4.tgz"
  integrity sha512-QwH4PO5urrbO+FaGd5Aglg+YJgWTyyuZ3g/6mKvsqraLkglDdckw9JafgL5McL5VEJ6EPNduPaT3ZE9BttDAqg==

"@radix-ui/react-direction@1.1.2":
  version "1.1.2"
  resolved "https://registry.npmmirror.com/@radix-ui/react-direction/-/react-direction-1.1.2.tgz"
  integrity sha512-C3vFhbyi4SW3PmbAi6Awpu4OzJtd0MxGurvSsYtr7p7nM8RNB3VAF3CUmnp2j50knpkrRcB7+ycVXzgLgF6yNA==

"@radix-ui/react-dismissable-layer@1.1.13":
  version "1.1.13"
  resolved "https://registry.npmmirror.com/@radix-ui/react-dismissable-layer/-/react-dismissable-layer-1.1.13.tgz"
  integrity sha512-2v+zNAWWe0ySxgC0D0yeXMPQ23xZVgXZTerTz+JKlmdRj6gfTqmCcR29jb6d290DezXPGgruHWDX/vYUebtErg==
  dependencies:
    "@radix-ui/primitive" "1.1.4"
    "@radix-ui/react-compose-refs" "1.1.3"
    "@radix-ui/react-primitive" "2.1.6"
    "@radix-ui/react-use-callback-ref" "1.1.2"
    "@radix-ui/react-use-escape-keydown" "1.1.2"

"@radix-ui/react-focus-guards@1.1.4":
  version "1.1.4"
  resolved "https://registry.npmmirror.com/@radix-ui/react-focus-guards/-/react-focus-guards-1.1.4.tgz"
  integrity sha512-cot/aB/mOm0IYVYTTmQcEEK1M48lZWi8FlYe5nDPQQ8NYZUlXEFgncJ9p2Kzer3RKSrY7cTTpEMLZKNo9QoP5Q==

"@radix-ui/react-focus-scope@1.1.10":
  version "1.1.10"
  resolved "https://registry.npmmirror.com/@radix-ui/react-focus-scope/-/react-focus-scope-1.1.10.tgz"
  integrity sha512-Fas/lXQqhVvqwAb64s5RFeHiHYElZ6SUQbZaNd6EkfhP/Al7wTIQ9WIR4QVX475tlu5yFCEdDcJH6/UwsZjMWw==
  dependencies:
    "@radix-ui/react-compose-refs" "1.1.3"
    "@radix-ui/react-primitive" "2.1.6"
    "@radix-ui/react-use-callback-ref" "1.1.2"

"@radix-ui/react-id@1.1.2":
  version "1.1.2"
  resolved "https://registry.npmmirror.com/@radix-ui/react-id/-/react-id-1.1.2.tgz"
  integrity sha512-orBC88futVpqCmhX1p4cvquNHsELQ+w+vBJnuj3ftETI5bJb0bZn3Tqu3SWN2IOcPycTnMGnhwoermvISt72sA==
  dependencies:
    "@radix-ui/react-use-layout-effect" "1.1.2"

"@radix-ui/react-popover@^1.1.17":
  version "1.1.17"
  resolved "https://registry.npmmirror.com/@radix-ui/react-popover/-/react-popover-1.1.17.tgz"
  integrity sha512-/YSAOdJ7YJvdn7bn5sdSx2egW+SKY+u7O5RyAVs94Ymrg2fg5QTSFPMRkzvhGyFuE4/qsmPBdrwYoZMZh/4f+g==
  dependencies:
    "@radix-ui/primitive" "1.1.4"
    "@radix-ui/react-compose-refs" "1.1.3"
    "@radix-ui/react-context" "1.1.4"
    "@radix-ui/react-dismissable-layer" "1.1.13"
    "@radix-ui/react-focus-guards" "1.1.4"
    "@radix-ui/react-focus-scope" "1.1.10"
    "@radix-ui/react-id" "1.1.2"
    "@radix-ui/react-popper" "1.3.1"
    "@radix-ui/react-portal" "1.1.12"
    "@radix-ui/react-presence" "1.1.6"
    "@radix-ui/react-primitive" "2.1.6"
    "@radix-ui/react-slot" "1.3.0"
    "@radix-ui/react-use-controllable-state" "1.2.3"
    aria-hidden "^1.2.4"
    react-remove-scroll "^2.7.2"

"@radix-ui/react-popper@1.3.1":
  version "1.3.1"
  resolved "https://registry.npmmirror.com/@radix-ui/react-popper/-/react-popper-1.3.1.tgz"
  integrity sha512-bhnq/0DEPTi2lsOD3J5rTL65qUKHbKbhqHsmN9TMiclSXpipi651ooUKPPp6G5lF/WiHBdn1s0Wuqsn+myVAvw==
  dependencies:
    "@floating-ui/react-dom" "^2.0.0"
    "@radix-ui/react-arrow" "1.1.10"
    "@radix-ui/react-compose-refs" "1.1.3"
    "@radix-ui/react-context" "1.1.4"
    "@radix-ui/react-primitive" "2.1.6"
    "@radix-ui/react-use-callback-ref" "1.1.2"
    "@radix-ui/react-use-layout-effect" "1.1.2"
    "@radix-ui/react-use-rect" "1.1.2"
    "@radix-ui/react-use-size" "1.1.2"
    "@radix-ui/rect" "1.1.2"

"@radix-ui/react-portal@1.1.12":
  version "1.1.12"
  resolved "https://registry.npmmirror.com/@radix-ui/react-portal/-/react-portal-1.1.12.tgz"
  integrity sha512-m309havGzsjLHHaIX50G5PlvRs3xkgPCsGk/5PTvYm8D5q33yG0J7w/712PTOhid7NTaFETtnSXjngHQavvhVw==
  dependencies:
    "@radix-ui/react-primitive" "2.1.6"
    "@radix-ui/react-use-layout-effect" "1.1.2"

"@radix-ui/react-presence@1.1.6":
  version "1.1.6"
  resolved "https://registry.npmmirror.com/@radix-ui/react-presence/-/react-presence-1.1.6.tgz"
  integrity sha512-zdTk4PlUO0E18HnZ3wYbW0KkJJxWCdiNYp6g6X1PtONFhxVkg01vliTJAmwIszU6mHiyBOoW9P0rAugl5/hULQ==
  dependencies:
    "@radix-ui/react-use-layout-effect" "1.1.2"

"@radix-ui/react-primitive@2.1.6":
  version "2.1.6"
  resolved "https://registry.npmmirror.com/@radix-ui/react-primitive/-/react-primitive-2.1.6.tgz"
  integrity sha512-wetd0QI77DbvrPpTAvH1SqOxsYF2wZe5TNxqwOd5Ty4XDpV3dpV0s8K/1MGMJBeY5o7lg8ub5VIt1Ub+yVen6g==
  dependencies:
    "@radix-ui/react-slot" "1.3.0"

"@radix-ui/react-scroll-area@^1.2.12":
  version "1.2.12"
  resolved "https://registry.npmmirror.com/@radix-ui/react-scroll-area/-/react-scroll-area-1.2.12.tgz"
  integrity sha512-xuafVzQiTCLsyEjakowTdG3OgTXsmO7IdCiO77otIa+z44xoLNs9Do5eg7POFumIOCjtG6djfm6RKUKpUa/csA==
  dependencies:
    "@radix-ui/number" "1.1.2"
    "@radix-ui/primitive" "1.1.4"
    "@radix-ui/react-compose-refs" "1.1.3"
    "@radix-ui/react-context" "1.1.4"
    "@radix-ui/react-direction" "1.1.2"
    "@radix-ui/react-presence" "1.1.6"
    "@radix-ui/react-primitive" "2.1.6"
    "@radix-ui/react-use-callback-ref" "1.1.2"
    "@radix-ui/react-use-layout-effect" "1.1.2"

"@radix-ui/react-slot@^1.3.0", "@radix-ui/react-slot@1.3.0":
  version "1.3.0"
  resolved "https://registry.npmmirror.com/@radix-ui/react-slot/-/react-slot-1.3.0.tgz"
  integrity sha512-MojKku4U/miO8Av4Dkb+ctMAQx7JmY96LmtDQlAarCRtd7rN52QCSzBF+XAvr5S6coSVj9HEPBgHAHKEJVk/WA==
  dependencies:
    "@radix-ui/react-compose-refs" "1.1.3"

"@radix-ui/react-tooltip@^1.2.10":
  version "1.2.10"
  resolved "https://registry.npmmirror.com/@radix-ui/react-tooltip/-/react-tooltip-1.2.10.tgz"
  integrity sha512-NlNe8D0dWEpVfXFli90IO6X07Josx/b1iu98tDnx9Xv0HT4wLIL+m2VOheMHhK7qbp2HoTBqALEFzGyZs/levw==
  dependencies:
    "@radix-ui/primitive" "1.1.4"
    "@radix-ui/react-compose-refs" "1.1.3"
    "@radix-ui/react-context" "1.1.4"
    "@radix-ui/react-dismissable-layer" "1.1.13"
    "@radix-ui/react-id" "1.1.2"
    "@radix-ui/react-popper" "1.3.1"
    "@radix-ui/react-portal" "1.1.12"
    "@radix-ui/react-presence" "1.1.6"
    "@radix-ui/react-primitive" "2.1.6"
    "@radix-ui/react-slot" "1.3.0"
    "@radix-ui/react-use-controllable-state" "1.2.3"
    "@radix-ui/react-visually-hidden" "1.2.6"

"@radix-ui/react-use-callback-ref@1.1.2":
  version "1.1.2"
  resolved "https://registry.npmmirror.com/@radix-ui/react-use-callback-ref/-/react-use-callback-ref-1.1.2.tgz"
  integrity sha512-xCso9j1/u8sEgP1RNHjFrXJLApL8LiqOkI1R4ywuN00rxWdYg4oQXuwKLS3i0j5NWLromUD27/4nlxj2UFVvIw==

"@radix-ui/react-use-controllable-state@1.2.3":
  version "1.2.3"
  resolved "https://registry.npmmirror.com/@radix-ui/react-use-controllable-state/-/react-use-controllable-state-1.2.3.tgz"
  integrity sha512-PLzC90MS+ReootmjC597dvopoelpZ8Q61HJkDXZSExitIq7PL55vHNnesAHwguHK0aPfBnpdNzQtv1uliaqQrA==
  dependencies:
    "@radix-ui/react-use-effect-event" "0.0.3"
    "@radix-ui/react-use-layout-effect" "1.1.2"

"@radix-ui/react-use-effect-event@0.0.3":
  version "0.0.3"
  resolved "https://registry.npmmirror.com/@radix-ui/react-use-effect-event/-/react-use-effect-event-0.0.3.tgz"
  integrity sha512-6c8ZqvPTWILEKnyVkP53EGRCcpnJiKTC21sS/6R1GF5xKyHJJWQEPfkqlcgUkdRQivd6tb23abUwe4ngWmY0JA==
  dependencies:
    "@radix-ui/react-use-layout-effect" "1.1.2"

"@radix-ui/react-use-escape-keydown@1.1.2":
  version "1.1.2"
  resolved "https://registry.npmmirror.com/@radix-ui/react-use-escape-keydown/-/react-use-escape-keydown-1.1.2.tgz"
  integrity sha512-2uVLvLjgO7NZCWw01/FdqRwmA42J0BcjPMUCA+koFEOAb+zjqIP7SiFz/7zWPrKnVmSqr76Omq2ALyCuX4dhLw==
  dependencies:
    "@radix-ui/react-use-callback-ref" "1.1.2"

"@radix-ui/react-use-layout-effect@1.1.2":
  version "1.1.2"
  resolved "https://registry.npmmirror.com/@radix-ui/react-use-layout-effect/-/react-use-layout-effect-1.1.2.tgz"
  integrity sha512-jrBWOxZITuGcnjRCM2t2U5ZPkCLxD+Ym6DjfssS5haTj2iiak/DOb64JeN6OdLfLgptb6/e2kKR+ZuTrGoZTPA==

"@radix-ui/react-use-rect@1.1.2":
  version "1.1.2"
  resolved "https://registry.npmmirror.com/@radix-ui/react-use-rect/-/react-use-rect-1.1.2.tgz"
  integrity sha512-d8a+bBY/FxikNPlgJJoaBHZX+zKVbWHYJGTLnLvveQgFSTntkGdEKv3JDtHrMS0DNYpllz2nRsTLGLKYttbpmw==
  dependencies:
    "@radix-ui/rect" "1.1.2"

"@radix-ui/react-use-size@1.1.2":
  version "1.1.2"
  resolved "https://registry.npmmirror.com/@radix-ui/react-use-size/-/react-use-size-1.1.2.tgz"
  integrity sha512-giWQp+4mxjBPt4KZ0MmyuykFNWfbDxKt4x+fPkRYmgRFJSbCZFzUglvMb/Kjn38tm10YP4ufiQZDx3zna4LU6w==
  dependencies:
    "@radix-ui/react-use-layout-effect" "1.1.2"

"@radix-ui/react-visually-hidden@1.2.6":
  version "1.2.6"
  resolved "https://registry.npmmirror.com/@radix-ui/react-visually-hidden/-/react-visually-hidden-1.2.6.tgz"
  integrity sha512-jCE0WljWifTI4niIMCll06kGpsJTAPiZVU9H4WR1N6qW7At9ystHbN7dDB+we2xH535roFHj7qKS+RGj0FMDWQ==
  dependencies:
    "@radix-ui/react-primitive" "2.1.6"

"@radix-ui/rect@1.1.2":
  version "1.1.2"
  resolved "https://registry.npmmirror.com/@radix-ui/rect/-/rect-1.1.2.tgz"
  integrity sha512-xnXE7wG13PI+cxieVssYXlQJuYVRhH9NBoxt3KNwzghDIA69GMm7d4wXRouHIYjE+KvS6U/MsMO73NdS2MH9ZA==

"@rolldown/binding-win32-x64-msvc@1.1.3":
  version "1.1.3"
  resolved "https://registry.npmmirror.com/@rolldown/binding-win32-x64-msvc/-/binding-win32-x64-msvc-1.1.3.tgz"
  integrity sha512-OL4OMk7UPXOeVGGd3qo5zJyPIljf4AFgk5QAkPPS+OoLuOOozhuaQGC18MxVTnw/06q93gShAJzlwnSCY9YtqA==

"@rolldown/pluginutils@^1.0.0", "@rolldown/pluginutils@^1.0.1":
  version "1.0.1"
  resolved "https://registry.npmmirror.com/@rolldown/pluginutils/-/pluginutils-1.0.1.tgz"
  integrity sha512-2j9bGt5Jh8hj+vPtgzPtl72j0yRxHAyumoo6TNfAjsLB04UtpSvPbPcDcBMxz7n+9CYB0c1GxQFxYRg2jimqGw==

"@tailwindcss/node@4.3.1":
  version "4.3.1"
  resolved "https://registry.npmmirror.com/@tailwindcss/node/-/node-4.3.1.tgz"
  integrity sha512-6NDaqRoAMSXD1mr/RXu0HBvNE9a2n5tHPsxu9XHLws8o4Twes5rBM2205SUUiJ9goAtadrN6xTGX0UDEwp/N4A==
  dependencies:
    "@jridgewell/remapping" "^2.3.5"
    enhanced-resolve "5.21.6"
    jiti "^2.7.0"
    lightningcss "1.32.0"
    magic-string "^0.30.21"
    source-map-js "^1.2.1"
    tailwindcss "4.3.1"

"@tailwindcss/oxide-win32-x64-msvc@4.3.1":
  version "4.3.1"
  resolved "https://registry.npmmirror.com/@tailwindcss/oxide-win32-x64-msvc/-/oxide-win32-x64-msvc-4.3.1.tgz"
  integrity sha512-xDEyu1rg290472FEGaKHnzyDyh5QH+AlWvsU5hMoMtPpzmKlRI0jaYKCgSHDYtaQWZOYbMaduSyCwFwY4n1HmA==

"@tailwindcss/oxide@4.3.1":
  version "4.3.1"
  resolved "https://registry.npmmirror.com/@tailwindcss/oxide/-/oxide-4.3.1.tgz"
  integrity sha512-yVPyo8RNkabVr3O2EhHEE0Rewu7YKzc1DhIqfL46LKveFrmu9XbDazNOJY7/GRuvw1h6u3utWnR29H/p5JPlgA==
  optionalDependencies:
    "@tailwindcss/oxide-android-arm64" "4.3.1"
    "@tailwindcss/oxide-darwin-arm64" "4.3.1"
    "@tailwindcss/oxide-darwin-x64" "4.3.1"
    "@tailwindcss/oxide-freebsd-x64" "4.3.1"
    "@tailwindcss/oxide-linux-arm-gnueabihf" "4.3.1"
    "@tailwindcss/oxide-linux-arm64-gnu" "4.3.1"
    "@tailwindcss/oxide-linux-arm64-musl" "4.3.1"
    "@tailwindcss/oxide-linux-x64-gnu" "4.3.1"
    "@tailwindcss/oxide-linux-x64-musl" "4.3.1"
    "@tailwindcss/oxide-wasm32-wasi" "4.3.1"
    "@tailwindcss/oxide-win32-arm64-msvc" "4.3.1"
    "@tailwindcss/oxide-win32-x64-msvc" "4.3.1"

"@tailwindcss/postcss@^4.3.1":
  version "4.3.1"
  resolved "https://registry.npmmirror.com/@tailwindcss/postcss/-/postcss-4.3.1.tgz"
  integrity sha512-dNJuNbdEJT/SWRuXTYP1WSamelsz3ztkUsdtWQPjrexysrTpaEPM40P/71knXiXLYEojqPOEGitVLLpPMS5T6A==
  dependencies:
    "@alloc/quick-lru" "^5.2.0"
    "@tailwindcss/node" "4.3.1"
    "@tailwindcss/oxide" "4.3.1"
    postcss "8.5.15"
    tailwindcss "4.3.1"

"@tybys/wasm-util@^0.10.3":
  version "0.10.3"
  resolved "https://registry.npmmirror.com/@tybys/wasm-util/-/wasm-util-0.10.3.tgz"
  integrity sha512-F3fo1MYrRJYL3zER0OUOmkutjr1Vp23m7OsSgp7nq4SP6OqX6C/56XFIPAl5bt3zaBRjmW7SGz3u/6LwFpYcOg==
  dependencies:
    tslib "^2.4.0"

"@types/prismjs@^1.26.0":
  version "1.26.6"
  resolved "https://registry.npmmirror.com/@types/prismjs/-/prismjs-1.26.6.tgz"
  integrity sha512-vqlvI7qlMvcCBbVe0AKAb4f97//Hy0EBTaiW8AalRnG/xAN5zOiWWyrNqNXeq8+KAuvRewjCVY1+IPxk4RdNYw==

"@types/react-dom@*", "@types/react-dom@^19.2.3":
  version "19.2.3"
  resolved "https://registry.npmmirror.com/@types/react-dom/-/react-dom-19.2.3.tgz"
  integrity sha512-jp2L/eY6fn+KgVVQAOqYItbF0VY/YApe5Mz2F0aykSO8gx31bYCZyvSeYxCHKvzHG5eZjc+zyaS5BrBWya2+kQ==

"@types/react@*", "@types/react@^19.2.0", "@types/react@^19.2.17":
  version "19.2.17"
  resolved "https://registry.npmmirror.com/@types/react/-/react-19.2.17.tgz"
  integrity sha512-MXfmqaVPEVgkBT/aY0aGCkRWWtByiYQXo3xdQ8r5RzuFrPiRn8Gar2tQdXSUQ2GKV3bkXckek89V8wQBY2Q/Aw==
  dependencies:
    csstype "^3.2.2"

"@vitejs/plugin-react@^6.0.2":
  version "6.0.3"
  resolved "https://registry.npmmirror.com/@vitejs/plugin-react/-/plugin-react-6.0.3.tgz"
  integrity sha512-vmFvco5/QuC2f9Oj+wTk0+9XeDFkHxSamwZKYc7MxYwKICfvUvlMhqKI0VuICPltGqh1neqBKDvO4kes1ya8vg==
  dependencies:
    "@rolldown/pluginutils" "^1.0.1"

aria-hidden@^1.2.4:
  version "1.2.6"
  resolved "https://registry.npmmirror.com/aria-hidden/-/aria-hidden-1.2.6.tgz"
  integrity sha512-ik3ZgC9dY/lYVVM++OISsaYDeg1tb0VtP5uL3ouh1koGOaUMDPpbFIei4JkFimWUFPn90sbMNMXQAIVOlnYKJA==
  dependencies:
    tslib "^2.0.0"

autoprefixer@^10.5.2:
  version "10.5.2"
  resolved "https://registry.npmmirror.com/autoprefixer/-/autoprefixer-10.5.2.tgz"
  integrity sha512-rD5t5DwOjJdmSORcTq64j8MawTC+tbQ+HHqjR4NDumamy/ambn1UJrlKL+KdwujWxMkFjPM3pPHOEA9tl4767Q==
  dependencies:
    browserslist "^4.28.4"
    caniuse-lite "^1.0.30001799"
    fraction.js "^5.3.4"
    picocolors "^1.1.1"
    postcss-value-parser "^4.2.0"

baseline-browser-mapping@^2.10.38:
  version "2.10.38"
  resolved "https://registry.npmmirror.com/baseline-browser-mapping/-/baseline-browser-mapping-2.10.38.tgz"
  integrity sha512-31/02mVB4yuQU6adKk5SlY6m+mxDwUq5KZkyYgnLrrKl7TEm1+3PyDtDBz2kOv/wxZz41GHsvV1A/u6RmiyBvw==

browserslist@^4.28.4, "browserslist@>= 4.21.0":
  version "4.28.4"
  resolved "https://registry.npmmirror.com/browserslist/-/browserslist-4.28.4.tgz"
  integrity sha512-MTc8i/x9jBQd1iMw2CFGS+rwMa07eYjLR0CCTLDACl9xhxy+nIs3KeML/biicXtk9JrZ6dnnTatmc7ErPXIxqw==
  dependencies:
    baseline-browser-mapping "^2.10.38"
    caniuse-lite "^1.0.30001799"
    electron-to-chromium "^1.5.376"
    node-releases "^2.0.48"
    update-browserslist-db "^1.2.3"

caniuse-lite@^1.0.30001799:
  version "1.0.30001799"
  resolved "https://registry.npmmirror.com/caniuse-lite/-/caniuse-lite-1.0.30001799.tgz"
  integrity sha512-hG1bReV+OUU+MOqK4t/ZWI0tZOyz3rqS9XuhOUz1cIcbwBKjOyJEJuw9ER5JuNyqxNk8u/JUVbGibBOL1yrjFw==

class-variance-authority@^0.7.1:
  version "0.7.1"
  resolved "https://registry.npmmirror.com/class-variance-authority/-/class-variance-authority-0.7.1.tgz"
  integrity sha512-Ka+9Trutv7G8M6WT6SeiRWz792K5qEqIGEGzXKhAE6xOWAY6pPH8U+9IY3oCMv6kqTmLsv7Xh/2w2RigkePMsg==
  dependencies:
    clsx "^2.1.1"

clsx@^2.0.0, clsx@^2.1.1:
  version "2.1.1"
  resolved "https://registry.npmmirror.com/clsx/-/clsx-2.1.1.tgz"
  integrity sha512-eYm0QWBtUrBWZWG0d386OGAw16Z995PiOVo2B7bjWSbHedGl5e0ZWaq65kOGgUSNesEIDkB9ISbTg/JK9dhCZA==

csstype@^3.2.2:
  version "3.2.3"
  resolved "https://registry.npmmirror.com/csstype/-/csstype-3.2.3.tgz"
  integrity sha512-z1HGKcYy2xA8AGQfwrn0PAy+PB7X/GSj3UVJW9qKyn43xWa+gl5nXmU4qqLMRzWVLFC8KusUX8T/0kCiOYpAIQ==

detect-libc@^2.0.3:
  version "2.1.2"
  resolved "https://registry.npmmirror.com/detect-libc/-/detect-libc-2.1.2.tgz"
  integrity sha512-Btj2BOOO83o3WyH59e8MgXsxEQVcarkUOpEYrubB0urwnN10yQ364rsiByU11nZlqWYZm05i/of7io4mzihBtQ==

detect-node-es@^1.1.0:
  version "1.1.0"
  resolved "https://registry.npmmirror.com/detect-node-es/-/detect-node-es-1.1.0.tgz"
  integrity sha512-ypdmJU/TbBby2Dxibuv7ZLW3Bs1QEmM7nHjEANfohJLvE0XVujisn1qPJcZxg+qDucsr+bP6fLD1rPS3AhJ7EQ==

electron-to-chromium@^1.5.376:
  version "1.5.378"
  resolved "https://registry.npmmirror.com/electron-to-chromium/-/electron-to-chromium-1.5.378.tgz"
  integrity sha512-VinvOAuuPmdD1guEgGv5f2Qp7/vlfqOrUOMYNnOD4wj3pit8kRsQHzfIf6teyUGWo15Tg5+bOJaRunvyltpVWQ==

enhanced-resolve@5.21.6:
  version "5.21.6"
  resolved "https://registry.npmmirror.com/enhanced-resolve/-/enhanced-resolve-5.21.6.tgz"
  integrity sha512-aNnGCvbJ/RIyWo1IuhNdVjnNF+EjH9wpzpNHt+ci/m9He9LJvUN8wrCcXjp9cWsGNAuvSpVFTx/vraAFQ8qGjQ==
  dependencies:
    graceful-fs "^4.2.4"
    tapable "^2.3.3"

escalade@^3.2.0:
  version "3.2.0"
  resolved "https://registry.npmmirror.com/escalade/-/escalade-3.2.0.tgz"
  integrity sha512-WUj2qlxaQtO4g6Pq5c29GTcWGDyd8itL8zTlipgECz3JesAiiOKotd8JU6otB3PACgG6xkJUyVhboMS+bje/jA==

fdir@^6.5.0:
  version "6.5.0"
  resolved "https://registry.npmmirror.com/fdir/-/fdir-6.5.0.tgz"
  integrity sha512-tIbYtZbucOs0BRGqPJkshJUYdL+SDH7dVM8gjy+ERp3WAUjLEFJE+02kanyHtwjWOnwrKYBiwAmM0p4kLJAnXg==

fraction.js@^5.3.4:
  version "5.3.4"
  resolved "https://registry.npmmirror.com/fraction.js/-/fraction.js-5.3.4.tgz"
  integrity sha512-1X1NTtiJphryn/uLQz3whtY6jK3fTqoE3ohKs0tT+Ujr1W59oopxmoEh7Lu5p6vBaPbgoM0bzveAW4Qi5RyWDQ==

get-nonce@^1.0.0:
  version "1.0.1"
  resolved "https://registry.npmmirror.com/get-nonce/-/get-nonce-1.0.1.tgz"
  integrity sha512-FJhYRoDaiatfEkUK8HKlicmu/3SGFD51q3itKDGoSTysQJBnfOcxU5GxnhE1E6soB76MbT0MBtnKJuXyAx+96Q==

graceful-fs@^4.2.4:
  version "4.2.11"
  resolved "https://registry.npmmirror.com/graceful-fs/-/graceful-fs-4.2.11.tgz"
  integrity sha512-RbJ5/jmFcNNCcDV5o9eTnBLJ/HszWV0P73bc+Ff4nS/rJj+YaS6IGyiOL0VoBYX+l1Wrl3k63h/KrH+nhJ0XvQ==

jiti@^2.7.0, jiti@>=1.21.0:
  version "2.7.0"
  resolved "https://registry.npmmirror.com/jiti/-/jiti-2.7.0.tgz"
  integrity sha512-AC/7JofJvZGrrneWNaEnJeOLUx+JlGt7tNa0wZiRPT4MY1wmfKjt2+6O2p2uz2+skll8OZZmJMNqeke7kKbNgQ==

lightningcss-win32-x64-msvc@1.32.0:
  version "1.32.0"
  resolved "https://registry.npmmirror.com/lightningcss-win32-x64-msvc/-/lightningcss-win32-x64-msvc-1.32.0.tgz"
  integrity sha512-Amq9B/SoZYdDi1kFrojnoqPLxYhQ4Wo5XiL8EVJrVsB8ARoC1PWW6VGtT0WKCemjy8aC+louJnjS7U18x3b06Q==

lightningcss@^1.32.0, lightningcss@1.32.0:
  version "1.32.0"
  resolved "https://registry.npmmirror.com/lightningcss/-/lightningcss-1.32.0.tgz"
  integrity sha512-NXYBzinNrblfraPGyrbPoD19C1h9lfI/1mzgWYvXUTe414Gz/X1FD2XBZSZM7rRTrMA8JL3OtAaGifrIKhQ5yQ==
  dependencies:
    detect-libc "^2.0.3"
  optionalDependencies:
    lightningcss-android-arm64 "1.32.0"
    lightningcss-darwin-arm64 "1.32.0"
    lightningcss-darwin-x64 "1.32.0"
    lightningcss-freebsd-x64 "1.32.0"
    lightningcss-linux-arm-gnueabihf "1.32.0"
    lightningcss-linux-arm64-gnu "1.32.0"
    lightningcss-linux-arm64-musl "1.32.0"
    lightningcss-linux-x64-gnu "1.32.0"
    lightningcss-linux-x64-musl "1.32.0"
    lightningcss-win32-arm64-msvc "1.32.0"
    lightningcss-win32-x64-msvc "1.32.0"

lucide-react@^1.21.0:
  version "1.21.0"
  resolved "https://registry.npmmirror.com/lucide-react/-/lucide-react-1.21.0.tgz"
  integrity sha512-reEZMXq8Qdd5jg5XYkQ5TR1fB/GiQ7ih4vcrthYDtgjSDwh0i6/YLiGjsWsIwgN49gpAnd4J2elSNzncMEEUUQ==

magic-string@^0.30.21:
  version "0.30.21"
  resolved "https://registry.npmmirror.com/magic-string/-/magic-string-0.30.21.tgz"
  integrity sha512-vd2F4YUyEXKGcLHoq+TEyCjxueSeHnFxyyjNp80yg0XV4vUhnDer/lvvlqM/arB5bXQN5K2/3oinyCRyx8T2CQ==
  dependencies:
    "@jridgewell/sourcemap-codec" "^1.5.5"

mobx-react-lite@^4.1.1:
  version "4.1.1"
  resolved "https://registry.npmmirror.com/mobx-react-lite/-/mobx-react-lite-4.1.1.tgz"
  integrity sha512-iUxiMpsvNraCKXU+yPotsOncNNmyeS2B5DKL+TL6Tar/xm+wwNJAubJmtRSeAoYawdZqwv8Z/+5nPRHeQxTiXg==
  dependencies:
    use-sync-external-store "^1.4.0"

mobx@^6.16.1, mobx@^6.9.0:
  version "6.16.1"
  resolved "https://registry.npmmirror.com/mobx/-/mobx-6.16.1.tgz"
  integrity sha512-syNcDdX3KT+Jq3je6eGjBhuc24Z68td2VG0zNFqRswaE433D9SNH5VRy/xrGbJsUixfppLLccXhAW9JSf6n+SQ==

nanoid@^3.3.12:
  version "3.3.15"
  resolved "https://registry.npmmirror.com/nanoid/-/nanoid-3.3.15.tgz"
  integrity sha512-y7Wygv/7mEOvxTuEQDB8StXdMRBWf1kR/tlhAzBRUFkB2jfcLOAxO/SHmOO2zgz1pVgK29/kyupn059/bCHdjA==

node-releases@^2.0.48:
  version "2.0.50"
  resolved "https://registry.npmmirror.com/node-releases/-/node-releases-2.0.50.tgz"
  integrity sha512-J6l92tKHX6w8Jy5nO1Vuc01NoIiRGi/d6qBKVxh+IQ8Cr3b6HbVNfKiF8ZpFKufTwpwxMmce2W3iQZ861ZRyTg==

oxlint@^1.69.0:
  version "1.71.0"
  resolved "https://registry.npmmirror.com/oxlint/-/oxlint-1.71.0.tgz"
  integrity sha512-U1m1X+C0vDj7DC1e13IoZULzEcPczE7UOMTs8VlZGHUEIUaSTZKo5qkPsQEfzpgnQ29Pea/w3Xntk62UCecxZw==
  optionalDependencies:
    "@oxlint/binding-android-arm-eabi" "1.71.0"
    "@oxlint/binding-android-arm64" "1.71.0"
    "@oxlint/binding-darwin-arm64" "1.71.0"
    "@oxlint/binding-darwin-x64" "1.71.0"
    "@oxlint/binding-freebsd-x64" "1.71.0"
    "@oxlint/binding-linux-arm-gnueabihf" "1.71.0"
    "@oxlint/binding-linux-arm-musleabihf" "1.71.0"
    "@oxlint/binding-linux-arm64-gnu" "1.71.0"
    "@oxlint/binding-linux-arm64-musl" "1.71.0"
    "@oxlint/binding-linux-ppc64-gnu" "1.71.0"
    "@oxlint/binding-linux-riscv64-gnu" "1.71.0"
    "@oxlint/binding-linux-riscv64-musl" "1.71.0"
    "@oxlint/binding-linux-s390x-gnu" "1.71.0"
    "@oxlint/binding-linux-x64-gnu" "1.71.0"
    "@oxlint/binding-linux-x64-musl" "1.71.0"
    "@oxlint/binding-openharmony-arm64" "1.71.0"
    "@oxlint/binding-win32-arm64-msvc" "1.71.0"
    "@oxlint/binding-win32-ia32-msvc" "1.71.0"
    "@oxlint/binding-win32-x64-msvc" "1.71.0"

picocolors@^1.1.1:
  version "1.1.1"
  resolved "https://registry.npmmirror.com/picocolors/-/picocolors-1.1.1.tgz"
  integrity sha512-xceH2snhtb5M9liqDsmEw56le376mTZkEX/jEb/RxNFyegNul7eNslCXP9FDj/Lcu0X8KEyMceP2ntpaHrDEVA==

"picomatch@^3 || ^4", picomatch@^4.0.4:
  version "4.0.4"
  resolved "https://registry.npmmirror.com/picomatch/-/picomatch-4.0.4.tgz"
  integrity sha512-QP88BAKvMam/3NxH6vj2o21R6MjxZUAd6nlwAS/pnGvN9IVLocLHxGYIzFhg6fUQ+5th6P4dv4eW9jX3DSIj7A==

playwright-core@1.61.1:
  version "1.61.1"
  resolved "https://registry.npmmirror.com/playwright-core/-/playwright-core-1.61.1.tgz"
  integrity sha512-h7Qlt6m4REp25qvIdvbDtVmD4LqVXfpRxhORv9L0jzETM05p4fuPJ3dKyuSXQxDSbXnmS79HAgi9589lGSpLkg==

playwright@^1.61.1:
  version "1.61.1"
  resolved "https://registry.npmmirror.com/playwright/-/playwright-1.61.1.tgz"
  integrity sha512-DWnY5o3YbLWK4GovuAVwpqL+1VwGNdUGrRr++8j8PtQQzvAVZUIMjKQ90fY689sEJZJBbZVw1rXaOKSTitkzPQ==
  dependencies:
    playwright-core "1.61.1"
  optionalDependencies:
    fsevents "2.3.2"

postcss-value-parser@^4.2.0:
  version "4.2.0"
  resolved "https://registry.npmmirror.com/postcss-value-parser/-/postcss-value-parser-4.2.0.tgz"
  integrity sha512-1NNCs6uurfkVbeXG4S8JFT9t19m45ICnif8zWLd5oPSZ50QnwMfK+H3jv408d4jw/7Bttv5axS5IiHoLaVNHeQ==

postcss@^8.1.0, postcss@^8.5.15, postcss@8.5.15:
  version "8.5.15"
  resolved "https://registry.npmmirror.com/postcss/-/postcss-8.5.15.tgz"
  integrity sha512-FfR8sjd4em2T6fb3I2MwAJU7HWVMr9zba+enmQeeWFfCbm+UOC/0X4DS8XtpUTMwWMGbjKYP7xjfNekzyGmB3A==
  dependencies:
    nanoid "^3.3.12"
    picocolors "^1.1.1"
    source-map-js "^1.2.1"

prism-react-renderer@^2.4.1:
  version "2.4.1"
  resolved "https://registry.npmmirror.com/prism-react-renderer/-/prism-react-renderer-2.4.1.tgz"
  integrity sha512-ey8Ls/+Di31eqzUxC46h8MksNuGx/n0AAC8uKpwFau4RPDYLuE3EXTp8N8G2vX2N7UC/+IXeNUnlWBGGcAG+Ig==
  dependencies:
    "@types/prismjs" "^1.26.0"
    clsx "^2.0.0"

"react-dom@^16.8 || ^17.0 || ^18.0 || ^19.0 || ^19.0.0-rc", "react-dom@^18.0.0 || ^19.0.0", react-dom@^19.2.7, react-dom@>=16.8.0:
  version "19.2.7"
  resolved "https://registry.npmmirror.com/react-dom/-/react-dom-19.2.7.tgz"
  integrity sha512-t0BRVXvbiE/o20Hfw669rLbMCDWtYZLvmJigy2f0MxsXF+71pxhR3xOkspmsO8h3ZlNzyibAmtCa3l4lYKk6gQ==
  dependencies:
    scheduler "^0.27.0"

react-remove-scroll-bar@^2.3.7:
  version "2.3.8"
  resolved "https://registry.npmmirror.com/react-remove-scroll-bar/-/react-remove-scroll-bar-2.3.8.tgz"
  integrity sha512-9r+yi9+mgU33AKcj6IbT9oRCO78WriSj6t/cF8DWBZJ9aOGPOTEDvdUDz1FwKim7QXWwmHqtdHnRJfhAxEG46Q==
  dependencies:
    react-style-singleton "^2.2.2"
    tslib "^2.0.0"

react-remove-scroll@^2.7.2:
  version "2.7.2"
  resolved "https://registry.npmmirror.com/react-remove-scroll/-/react-remove-scroll-2.7.2.tgz"
  integrity sha512-Iqb9NjCCTt6Hf+vOdNIZGdTiH1QSqr27H/Ek9sv/a97gfueI/5h1s3yRi1nngzMUaOOToin5dI1dXKdXiF+u0Q==
  dependencies:
    react-remove-scroll-bar "^2.3.7"
    react-style-singleton "^2.2.3"
    tslib "^2.1.0"
    use-callback-ref "^1.3.3"
    use-sidecar "^1.1.3"

react-resizable-panels@^4.11.2:
  version "4.11.2"
  resolved "https://registry.npmmirror.com/react-resizable-panels/-/react-resizable-panels-4.11.2.tgz"
  integrity sha512-+kfFbDZ8mygc7g0vxOcDzCVGuwiIUOnILqPoUHo6/uP+Mmyx6HzZU+kj1aOPDlktXuobYbr6BtQekvJwHRX4Eg==

react-style-singleton@^2.2.2, react-style-singleton@^2.2.3:
  version "2.2.3"
  resolved "https://registry.npmmirror.com/react-style-singleton/-/react-style-singleton-2.2.3.tgz"
  integrity sha512-b6jSvxvVnyptAiLjbkWLE/lOnR4lfTtDAl+eUC7RZy+QQWc6wRzIV2CE6xBuMmDxc2qIihtDCZD5NPOFl7fRBQ==
  dependencies:
    get-nonce "^1.0.0"
    tslib "^2.0.0"

"react@^16.5.1 || ^17.0.0 || ^18.0.0 || ^19.0.0", "react@^16.8 || ^17.0 || ^18.0 || ^19.0 || ^19.0.0-rc", "react@^16.8.0 || ^17 || ^18 || ^19", "react@^16.8.0 || ^17.0.0 || ^18.0.0 || ^19.0.0", "react@^16.8.0 || ^17.0.0 || ^18.0.0 || ^19.0.0 || ^19.0.0-rc", "react@^18.0.0 || ^19.0.0", react@^19.2.7, react@>=16.0.0, react@>=16.8.0:
  version "19.2.7"
  resolved "https://registry.npmmirror.com/react/-/react-19.2.7.tgz"
  integrity sha512-HNe9WslTbXmFK8o8cmwgAeJFSBvt1bPdHCVKtaaV+WlAN36mpT4hcRpwbf3fY56ar2oIXzsBpOAiIRHAdY0OlQ==

rolldown@~1.1.2:
  version "1.1.3"
  resolved "https://registry.npmmirror.com/rolldown/-/rolldown-1.1.3.tgz"
  integrity sha512-1F1eEtUBtFvcGm1HQ9TiUIUHPQG7mSAODrhIzjxoUEFuo8OcbrGLiVLkevNgj84TE4lnHvnumwFjhJO5Eu135g==
  dependencies:
    "@oxc-project/types" "=0.137.0"
    "@rolldown/pluginutils" "^1.0.0"
  optionalDependencies:
    "@rolldown/binding-android-arm64" "1.1.3"
    "@rolldown/binding-darwin-arm64" "1.1.3"
    "@rolldown/binding-darwin-x64" "1.1.3"
    "@rolldown/binding-freebsd-x64" "1.1.3"
    "@rolldown/binding-linux-arm-gnueabihf" "1.1.3"
    "@rolldown/binding-linux-arm64-gnu" "1.1.3"
    "@rolldown/binding-linux-arm64-musl" "1.1.3"
    "@rolldown/binding-linux-ppc64-gnu" "1.1.3"
    "@rolldown/binding-linux-s390x-gnu" "1.1.3"
    "@rolldown/binding-linux-x64-gnu" "1.1.3"
    "@rolldown/binding-linux-x64-musl" "1.1.3"
    "@rolldown/binding-openharmony-arm64" "1.1.3"
    "@rolldown/binding-wasm32-wasi" "1.1.3"
    "@rolldown/binding-win32-arm64-msvc" "1.1.3"
    "@rolldown/binding-win32-x64-msvc" "1.1.3"

scheduler@^0.27.0:
  version "0.27.0"
  resolved "https://registry.npmmirror.com/scheduler/-/scheduler-0.27.0.tgz"
  integrity sha512-eNv+WrVbKu1f3vbYJT/xtiF5syA5HPIMtf9IgY/nKg0sWqzAUEvqY/xm7OcZc/qafLx/iO9FgOmeSAp4v5ti/Q==

source-map-js@^1.2.1:
  version "1.2.1"
  resolved "https://registry.npmmirror.com/source-map-js/-/source-map-js-1.2.1.tgz"
  integrity sha512-UXWMKhLOwVKb728IUtQPXxfYU+usdybtUrK/8uGE8CQMvrhOpwvzDBwj0QhSL7MQc7vIsISBG8VQ8+IDQxpfQA==

tailwind-merge@^3.6.0:
  version "3.6.0"
  resolved "https://registry.npmmirror.com/tailwind-merge/-/tailwind-merge-3.6.0.tgz"
  integrity sha512-uxL7qAVQriqRQPAyK3pj66VqskWqoZ37PW94jwOTwNfq/z9oyu1V+eqrZqtR2+fCiXdYOZe/Modt8GtvqNzu+w==

tailwindcss-animate@^1.0.7:
  version "1.0.7"
  resolved "https://registry.npmmirror.com/tailwindcss-animate/-/tailwindcss-animate-1.0.7.tgz"
  integrity sha512-bl6mpH3T7I3UFxuvDEXLxy/VuFxBk5bbzplh7tXI68mwMokNYd1t9qPBHlnyTwfa4JGC4zP516I1hYYtQ/vspA==

tailwindcss@^4.3.1, "tailwindcss@>=3.0.0 || insiders", tailwindcss@4.3.1:
  version "4.3.1"
  resolved "https://registry.npmmirror.com/tailwindcss/-/tailwindcss-4.3.1.tgz"
  integrity sha512-hk+TB1m+K8CYNrP6rjQaq/Y+4Zylwpa87mLYBKCunwnnQ9p+fHb7kmSfGqyEJoxF/O6CDyABWVFEafNSYKll+Q==

tapable@^2.3.3:
  version "2.3.3"
  resolved "https://registry.npmmirror.com/tapable/-/tapable-2.3.3.tgz"
  integrity sha512-uxc/zpqFg6x7C8vOE7lh6Lbda8eEL9zmVm/PLeTPBRhh1xCgdWaQ+J1CUieGpIfm2HdtsUpRv+HshiasBMcc6A==

tinyglobby@^0.2.17:
  version "0.2.17"
  resolved "https://registry.npmmirror.com/tinyglobby/-/tinyglobby-0.2.17.tgz"
  integrity sha512-wXR/dYpcqKmfWpEdZjiKJOwCNFndD0DMnrW/cYjVGttEkBfVgcLFHoNrlj47mjOVic9yyNu65alsgF4NQyTa2g==
  dependencies:
    fdir "^6.5.0"
    picomatch "^4.0.4"

tslib@^2.0.0, tslib@^2.1.0, tslib@^2.4.0:
  version "2.8.1"
  resolved "https://registry.npmmirror.com/tslib/-/tslib-2.8.1.tgz"
  integrity sha512-oJFu94HQb+KVduSUQL7wnpmqnfmLsOA/nAh6b6EH0wCEoK0/mPeXU6c3wKDV83MkOuHPRHtSXKKU99IBazS/2w==

update-browserslist-db@^1.2.3:
  version "1.2.3"
  resolved "https://registry.npmmirror.com/update-browserslist-db/-/update-browserslist-db-1.2.3.tgz"
  integrity sha512-Js0m9cx+qOgDxo0eMiFGEueWztz+d4+M3rGlmKPT+T4IS/jP4ylw3Nwpu6cpTTP8R1MAC1kF4VbdLt3ARf209w==
  dependencies:
    escalade "^3.2.0"
    picocolors "^1.1.1"

use-callback-ref@^1.3.3:
  version "1.3.3"
  resolved "https://registry.npmmirror.com/use-callback-ref/-/use-callback-ref-1.3.3.tgz"
  integrity sha512-jQL3lRnocaFtu3V00JToYz/4QkNWswxijDaCVNZRiRTO3HQDLsdu1ZtmIUvV4yPp+rvWm5j0y0TG/S61cuijTg==
  dependencies:
    tslib "^2.0.0"

use-sidecar@^1.1.3:
  version "1.1.3"
  resolved "https://registry.npmmirror.com/use-sidecar/-/use-sidecar-1.1.3.tgz"
  integrity sha512-Fedw0aZvkhynoPYlA5WXrMCAMm+nSWdZt6lzJQ7Ok8S6Q+VsHmHpRWndVRJ8Be0ZbkfPc5LRYH+5XrzXcEeLRQ==
  dependencies:
    detect-node-es "^1.1.0"
    tslib "^2.0.0"

use-sync-external-store@^1.4.0:
  version "1.6.0"
  resolved "https://registry.npmmirror.com/use-sync-external-store/-/use-sync-external-store-1.6.0.tgz"
  integrity sha512-Pp6GSwGP/NrPIrxVFAIkOQeyw8lFenOHijQWkUTrDvrF4ALqylP2C/KCkeS9dpUM3KvYRQhna5vt7IL95+ZQ9w==

vite@^8.0.0, vite@^8.1.0:
  version "8.1.0"
  resolved "https://registry.npmmirror.com/vite/-/vite-8.1.0.tgz"
  integrity sha512-BuJcQK/56NQTWDGn4ABea3q4SSBdNPWwNZKTkkUpcMPnLoquSYH8llRtSUIgoL1KSCpHt5eghLShn50mH36y7Q==
  dependencies:
    lightningcss "^1.32.0"
    picomatch "^4.0.4"
    postcss "^8.5.15"
    rolldown "~1.1.2"
    tinyglobby "^0.2.17"
  optionalDependencies:
    fsevents "~2.3.3"
